<?xml version="1.0" encoding="UTF-8" standalone="yes" ?>
<CodeBlocks_project_file>
	<FileVersion major="1" minor="6" />
	<Project>
		<Option title="werewolvesandwanderer" />
		<Option pch_mode="2" />
		<Option compiler="gcc" />
		<Build>
			<Target title="Release">
				<Option output="bin\Release\werewolvesandwanderer" prefix_auto="1" extension_auto="1" />
				<Option object_output="obj\Release\" />
				<Option type="1" />
				<Option compiler="gcc" />
				<Compiler>
					<Add option="-O2" />
				</Compiler>
				<Linker>
					<Add option="-s" />
				</Linker>
			</Target>
		</Build>
		<Compiler>
			<Add option="-Wall" />
			<Add directory="C:\CodeBlocks\pdcurs34\" />
		</Compiler>
		<ResourceCompiler>
			<Add directory="C:\CodeBlocks\pdcurs34\" />
		</ResourceCompiler>
		<Linker>
			<Add library="c:\CodeBlocks\pdcurs34\win32\pdcurses.a" />
			<Add library="C:\CodeBlocks\pdcurs34\win32\panel.a" />
			<Add directory="C:\CodeBlocks\pdcurs34\" />
		</Linker>
		<Unit filename="werewolvesandwanderercolor.c">
			<Option compilerVar="CC" />
		</Unit>
		<Extensions>
			<code_completion />
			<debugger />
		</Extensions>
	</Project>
</CodeBlocks_project_file>
