<?xml version="1.0" encoding="UTF-8" standalone="yes" ?>
<CodeBlocks_project_file>
	<FileVersion major="1" minor="6" />
	<Project>
		<Option title="snaaake" />
		<Option pch_mode="2" />
		<Option compiler="gcc" />
		<Build>
			<Target title="Release">
				<Option output="bin\Release\snaaake" prefix_auto="1" extension_auto="1" />
				<Option object_output="obj\Release\" />
				<Option type="1" />
				<Option compiler="gcc" />
				<Compiler>
					<Add option="-O2" />
				</Compiler>
				<Linker>
					<Add option="-s" />
				</Linker>
			</Target>
		</Build>
		<Compiler>
			<Add option="-Wall" />
			<Add directory="C:\MinGW\allegro\lib" />
			<Add directory="C:\MinGW\allegro" />
		</Compiler>
		<ResourceCompiler>
			<Add directory="C:\MinGW\allegro\lib" />
			<Add directory="C:\MinGW\allegro" />
		</ResourceCompiler>
		<Linker>
			<Add option="-mwindows" />
			<Add library="C:\MinGW\allegro\lib\mingw32\liballeg.a" />
			<Add library="C:\MinGW\allegro\lib\mingw32\libaldat.a" />
			<Add directory="C:\MinGW\allegro\lib" />
			<Add directory="C:\MinGW\allegro" />
		</Linker>
		<Unit filename="main.cpp" />
		<Unit filename="snake.cpp" />
		<Unit filename="snake.h" />
		<Extensions>
			<code_completion />
			<debugger />
		</Extensions>
	</Project>
</CodeBlocks_project_file>
